
Microsoft Visual Studio Solution File, Format Version 12.00
# Visual Studio Version 16
VisualStudioVersion = 16.0.29911.84
MinimumVisualStudioVersion = 10.0.40219.1
Project("{9A19103F-16F7-4668-BE54-9A1E7A4F7556}") = "B2CCustomPolicyGenerator", "src\B2CCustomPolicyGenerator.csproj", "{E80E240B-3E99-4C39-9185-28A1A5873CF6}"
EndProject
Project("{9A19103F-16F7-4668-BE54-9A1E7A4F7556}") = "B2CCustomPolicyGenerator.Tests", "test\B2CCustomPolicyGenerator.Tests.csproj", "{2F318765-A9C4-4842-9EC0-42F21EEBD21B}"
EndProject
Project("{2150E333-8FDC-42A3-9474-1A3956D46DE8}") = "Solution Items", "Solution Items", "{3816B1A9-A2B7-4808-BC44-55C8C99ADE59}"
	ProjectSection(SolutionItems) = preProject
		.gitattributes = .gitattributes
		.gitignore = .gitignore
		Directory.Build.props = Directory.Build.props
		LICENSE = LICENSE
		README.md = README.md
	EndProjectSection
EndProject
Global
	GlobalSection(SolutionConfigurationPlatforms) = preSolution
		Debug|Any CPU = Debug|Any CPU
		Release|Any CPU = Release|Any CPU
	EndGlobalSection
	GlobalSection(ProjectConfigurationPlatforms) = postSolution
		{E80E240B-3E99-4C39-9185-28A1A5873CF6}.Debug|Any CPU.ActiveCfg = Debug|Any CPU
		{E80E240B-3E99-4C39-9185-28A1A5873CF6}.Debug|Any CPU.Build.0 = Debug|Any CPU
		{E80E240B-3E99-4C39-9185-28A1A5873CF6}.Release|Any CPU.ActiveCfg = Release|Any CPU
		{E80E240B-3E99-4C39-9185-28A1A5873CF6}.Release|Any CPU.Build.0 = Release|Any CPU
		{2F318765-A9C4-4842-9EC0-42F21EEBD21B}.Debug|Any CPU.ActiveCfg = Debug|Any CPU
		{2F318765-A9C4-4842-9EC0-42F21EEBD21B}.Debug|Any CPU.Build.0 = Debug|Any CPU
		{2F318765-A9C4-4842-9EC0-42F21EEBD21B}.Release|Any CPU.ActiveCfg = Release|Any CPU
		{2F318765-A9C4-4842-9EC0-42F21EEBD21B}.Release|Any CPU.Build.0 = Release|Any CPU
	EndGlobalSection
	GlobalSection(SolutionProperties) = preSolution
		HideSolutionNode = FALSE
	EndGlobalSection
	GlobalSection(ExtensibilityGlobals) = postSolution
		SolutionGuid = {42CB1186-CD62-4E22-8A98-15A5713AB649}
	EndGlobalSection
EndGlobal
